// !$*UTF8*$!
{
	archiveVersion = 1;
	classes = {
	};
	objectVersion = 51;
	objects = {

/* Begin PBXBuildFile section */
		026C400887FAFF5181660E85 /* Pods_SentryStudy.framework in Frameworks */ = {isa = PBXBuildFile; fileRef = 6033797D2629F16E97E212BC /* Pods_SentryStudy.framework */; };
		D266906C242301F100EC2880 /* AppDelegate.swift in Sources */ = {isa = PBXBuildFile; fileRef = D266906B242301F100EC2880 /* AppDelegate.swift */; };
		D266906E242301F100EC2880 /* SceneDelegate.swift in Sources */ = {isa = PBXBuildFile; fileRef = D266906D242301F100EC2880 /* SceneDelegate.swift */; };
		D2669070242301F100EC2880 /* ViewController.swift in Sources */ = {isa = PBXBuildFile; fileRef = D266906F242301F100EC2880 /* ViewController.swift */; };
		D2669073242301F100EC2880 /* Main.storyboard in Resources */ = {isa = PBXBuildFile; fileRef = D2669071242301F100EC2880 /* Main.storyboard */; };
		D2669075242301F300EC2880 /* Assets.xcassets in Resources */ = {isa = PBXBuildFile; fileRef = D2669074242301F300EC2880 /* Assets.xcassets */; };
		D2669078242301F300EC2880 /* LaunchScreen.storyboard in Resources */ = {isa = PBXBuildFile; fileRef = D2669076242301F300EC2880 /* LaunchScreen.storyboard */; };
/* End PBXBuildFile section */

/* Begin PBXFileReference section */
		418023ABF07D1F513671B671 /* Pods-SentryStudy.release.xcconfig */ = {isa = PBXFileReference; includeInIndex = 1; lastKnownFileType = text.xcconfig; name = "Pods-SentryStudy.release.xcconfig"; path = "Target Support Files/Pods-SentryStudy/Pods-SentryStudy.release.xcconfig"; sourceTree = "<group>"; };
		6033797D2629F16E97E212BC /* Pods_SentryStudy.framework */ = {isa = PBXFileReference; explicitFileType = wrapper.framework; includeInIndex = 0; path = Pods_SentryStudy.framework; sourceTree = BUILT_PRODUCTS_DIR; };
		A98CE8E31DCEE9F911B97F57 /* Pods-SentryStudy.debug.xcconfig */ = {isa = PBXFileReference; includeInIndex = 1; lastKnownFileType = text.xcconfig; name = "Pods-SentryStudy.debug.xcconfig"; path = "Target Support Files/Pods-SentryStudy/Pods-SentryStudy.debug.xcconfig"; sourceTree = "<group>"; };
		D2669068242301F100EC2880 /* SentryStudy.app */ = {isa = PBXFileReference; explicitFileType = wrapper.application; includeInIndex = 0; path = SentryStudy.app; sourceTree = BUILT_PRODUCTS_DIR; };
		D266906B242301F100EC2880 /* AppDelegate.swift */ = {isa = PBXFileReference; lastKnownFileType = sourcecode.swift; path = AppDelegate.swift; sourceTree = "<group>"; };
		D266906D242301F100EC2880 /* SceneDelegate.swift */ = {isa = PBXFileReference; lastKnownFileType = sourcecode.swift; path = SceneDelegate.swift; sourceTree = "<group>"; };
		D266906F242301F100EC2880 /* ViewController.swift */ = {isa = PBXFileReference; lastKnownFileType = sourcecode.swift; path = ViewController.swift; sourceTree = "<group>"; };
		D2669072242301F100EC2880 /* Base */ = {isa = PBXFileReference; lastKnownFileType = file.storyboard; name = Base; path = Base.lproj/Main.storyboard; sourceTree = "<group>"; };
		D2669074242301F300EC2880 /* Assets.xcassets */ = {isa = PBXFileReference; lastKnownFileType = folder.assetcatalog; path = Assets.xcassets; sourceTree = "<group>"; };
		D2669077242301F300EC2880 /* Base */ = {isa = PBXFileReference; lastKnownFileType = file.storyboard; name = Base; path = Base.lproj/LaunchScreen.storyboard; sourceTree = "<group>"; };
		D2669079242301F300EC2880 /* Info.plist */ = {isa = PBXFileReference; lastKnownFileType = text.plist.xml; path = Info.plist; sourceTree = "<group>"; };
/* End PBXFileReference section */

/* Begin PBXFrameworksBuildPhase section */
		D2669065242301F100EC2880 /* Frameworks */ = {
			isa = PBXFrameworksBuildPhase;
			buildActionMask = 2147483647;
			files = (
				026C400887FAFF5181660E85 /* Pods_SentryStudy.framework in Frameworks */,
			);
			runOnlyForDeploymentPostprocessing = 0;
		};
/* End PBXFrameworksBuildPhase section */

/* Begin PBXGroup section */
		15639A03A7F1F698BA03615A /* Frameworks */ = {
			isa = PBXGroup;
			children = (
				6033797D2629F16E97E212BC /* Pods_SentryStudy.framework */,
			);
			name = Frameworks;
			sourceTree = "<group>";
		};
		2F9FC4C62C2370565BB74640 /* Pods */ = {
			isa = PBXGroup;
			children = (
				A98CE8E31DCEE9F911B97F57 /* Pods-SentryStudy.debug.xcconfig */,
				418023ABF07D1F513671B671 /* Pods-SentryStudy.release.xcconfig */,
			);
			path = Pods;
			sourceTree = "<group>";
		};
		D266905F242301F100EC2880 = {
			isa = PBXGroup;
			children = (
				D266906A242301F100EC2880 /* SentryStudy */,
				D2669069242301F100EC2880 /* Products */,
				2F9FC4C62C2370565BB74640 /* Pods */,
				15639A03A7F1F698BA03615A /* Frameworks */,
			);
			sourceTree = "<group>";
		};
		D2669069242301F100EC2880 /* Products */ = {
			isa = PBXGroup;
			children = (
				D2669068242301F100EC2880 /* SentryStudy.app */,
			);
			name = Products;
			sourceTree = "<group>";
		};
		D266906A242301F100EC2880 /* SentryStudy */ = {
			isa = PBXGroup;
			children = (
				D2669071242301F100EC2880 /* Main.storyboard */,
				D266906F242301F100EC2880 /* ViewController.swift */,
				D266907F2423020D00EC2880 /* Supporting Files */,
				D2669079242301F300EC2880 /* Info.plist */,
			);
			path = SentryStudy;
			sourceTree = "<group>";
		};
		D266907F2423020D00EC2880 /* Supporting Files */ = {
			isa = PBXGroup;
			children = (
				D266906B242301F100EC2880 /* AppDelegate.swift */,
				D266906D242301F100EC2880 /* SceneDelegate.swift */,
				D2669074242301F300EC2880 /* Assets.xcassets */,
				D2669076242301F300EC2880 /* LaunchScreen.storyboard */,
			);
			path = "Supporting Files";
			sourceTree = "<group>";
		};
/* End PBXGroup section */

/* Begin PBXNativeTarget section */
		D2669067242301F100EC2880 /* SentryStudy */ = {
			isa = PBXNativeTarget;
			buildConfigurationList = D266907C242301F300EC2880 /* Build configuration list for PBXNativeTarget "SentryStudy" */;
			buildPhases = (
				AA07F3D6B649B9279E16AFC7 /* [CP] Check Pods Manifest.lock */,
				D2669064242301F100EC2880 /* Sources */,
				D2669065242301F100EC2880 /* Frameworks */,
				D2669066242301F100EC2880 /* Resources */,
				24D5FD1E26D26D061D66A066 /* [CP] Embed Pods Frameworks */,
				D266908024230EE300EC2880 /* ShellScript */,
			);
			buildRules = (
			);
			dependencies = (
			);
			name = SentryStudy;
			productName = SentryStudy;
			productReference = D2669068242301F100EC2880 /* SentryStudy.app */;
			productType = "com.apple.product-type.application";
		};
/* End PBXNativeTarget section */

/* Begin PBXProject section */
		D2669060242301F100EC2880 /* Project object */ = {
			isa = PBXProject;
			attributes = {
				LastSwiftUpdateCheck = 1130;
				LastUpgradeCheck = 1130;
				ORGANIZATIONNAME = min_e;
				TargetAttributes = {
					D2669067242301F100EC2880 = {
						CreatedOnToolsVersion = 11.3.1;
					};
				};
			};
			buildConfigurationList = D2669063242301F100EC2880 /* Build configuration list for PBXProject "SentryStudy" */;
			compatibilityVersion = "Xcode 9.3";
			developmentRegion = en;
			hasScannedForEncodings = 0;
			knownRegions = (
				en,
				Base,
			);
			mainGroup = D266905F242301F100EC2880;
			productRefGroup = D2669069242301F100EC2880 /* Products */;
			projectDirPath = "";
			projectRoot = "";
			targets = (
				D2669067242301F100EC2880 /* SentryStudy */,
			);
		};
/* End PBXProject section */

/* Begin PBXResourcesBuildPhase section */
		D2669066242301F100EC2880 /* Resources */ = {
			isa = PBXResourcesBuildPhase;
			buildActionMask = 2147483647;
			files = (
				D2669078242301F300EC2880 /* LaunchScreen.storyboard in Resources */,
				D2669075242301F300EC2880 /* Assets.xcassets in Resources */,
				D2669073242301F100EC2880 /* Main.storyboard in Resources */,
			);
			runOnlyForDeploymentPostprocessing = 0;
		};
/* End PBXResourcesBuildPhase section */

/* Begin PBXShellScriptBuildPhase section */
		24D5FD1E26D26D061D66A066 /* [CP] Embed Pods Frameworks */ = {
			isa = PBXShellScriptBuildPhase;
			buildActionMask = 2147483647;
			files = (
			);
			inputFileListPaths = (
				"${PODS_ROOT}/Target Support Files/Pods-SentryStudy/Pods-SentryStudy-frameworks-${CONFIGURATION}-input-files.xcfilelist",
			);
			name = "[CP] Embed Pods Frameworks";
			outputFileListPaths = (
				"${PODS_ROOT}/Target Support Files/Pods-SentryStudy/Pods-SentryStudy-frameworks-${CONFIGURATION}-output-files.xcfilelist",
			);
			runOnlyForDeploymentPostprocessing = 0;
			shellPath = /bin/sh;
			shellScript = "\"${PODS_ROOT}/Target Support Files/Pods-SentryStudy/Pods-SentryStudy-frameworks.sh\"\n";
			showEnvVarsInLog = 0;
		};
		AA07F3D6B649B9279E16AFC7 /* [CP] Check Pods Manifest.lock */ = {
			isa = PBXShellScriptBuildPhase;
			buildActionMask = 2147483647;
			files = (
			);
			inputFileListPaths = (
			);
			inputPaths = (
				"${PODS_PODFILE_DIR_PATH}/Podfile.lock",
				"${PODS_ROOT}/Manifest.lock",
			);
			name = "[CP] Check Pods Manifest.lock";
			outputFileListPaths = (
			);
			outputPaths = (
				"$(DERIVED_FILE_DIR)/Pods-SentryStudy-checkManifestLockResult.txt",
			);
			runOnlyForDeploymentPostprocessing = 0;
			shellPath = /bin/sh;
			shellScript = "diff \"${PODS_PODFILE_DIR_PATH}/Podfile.lock\" \"${PODS_ROOT}/Manifest.lock\" > /dev/null\nif [ $? != 0 ] ; then\n    # print error to STDERR\n    echo \"error: The sandbox is not in sync with the Podfile.lock. Run 'pod install' or update your CocoaPods installation.\" >&2\n    exit 1\nfi\n# This output is used by Xcode 'outputs' to avoid re-running this script phase.\necho \"SUCCESS\" > \"${SCRIPT_OUTPUT_FILE_0}\"\n";
			showEnvVarsInLog = 0;
		};
		D266908024230EE300EC2880 /* ShellScript */ = {
			isa = PBXShellScriptBuildPhase;
			buildActionMask = 8;
			files = (
			);
			inputFileListPaths = (
			);
			inputPaths = (
				"${DWARF_DSYM_FOLDER_PATH}/${DWARF_DSYM_FILE_NAME}/Contents/Resources/DWARF/${TARGET_NAME}",
			);
			outputFileListPaths = (
			);
			outputPaths = (
			);
			runOnlyForDeploymentPostprocessing = 1;
			shellPath = /bin/sh;
			shellScript = "# Type a script or drag a script file from your workspace to insert its path.\nif which sentry-cli >/dev/null; then\nexport SENTRY_ORG=seongmin\nexport SENTRY_PROJECT=sentrystudy\nexport SENTRY_AUTH_TOKEN=27e38f95062a421e890ae2ea727ee2ddb6cf67477695452da83c2258d60a3e7d\nERROR=$(sentry-cli upload-dif \"$DWARF_DSYM_FOLDER_PATH\" 2>&1 >/dev/null)\nif [ ! $? -eq 0 ]; then\necho \"warning: sentry-cli - $ERROR\"\nfi\nelse\necho \"warning: sentry-cli not installed, download from https://github.com/getsentry/sentry-cli/releases\"\nfi\n";
		};
/* End PBXShellScriptBuildPhase section */

/* Begin PBXSourcesBuildPhase section */
		D2669064242301F100EC2880 /* Sources */ = {
			isa = PBXSourcesBuildPhase;
			buildActionMask = 2147483647;
			files = (
				D2669070242301F100EC2880 /* ViewController.swift in Sources */,
				D266906C242301F100EC2880 /* AppDelegate.swift in Sources */,
				D266906E242301F100EC2880 /* SceneDelegate.swift in Sources */,
			);
			runOnlyForDeploymentPostprocessing = 0;
		};
/* End PBXSourcesBuildPhase section */

/* Begin PBXVariantGroup section */
		D2669071242301F100EC2880 /* Main.storyboard */ = {
			isa = PBXVariantGroup;
			children = (
				D2669072242301F100EC2880 /* Base */,
			);
			name = Main.storyboard;
			sourceTree = "<group>";
		};
		D2669076242301F300EC2880 /* LaunchScreen.storyboard */ = {
			isa = PBXVariantGroup;
			children = (
				D2669077242301F300EC2880 /* Base */,
			);
			name = LaunchScreen.storyboard;
			sourceTree = "<group>";
		};
/* End PBXVariantGroup section */

/* Begin XCBuildConfiguration section */
		D266907A242301F300EC2880 /* Debug */ = {
			isa = XCBuildConfiguration;
			buildSettings = {
				ALWAYS_SEARCH_USER_PATHS = NO;
				CLANG_ANALYZER_NONNULL = YES;
				CLANG_ANALYZER_NUMBER_OBJECT_CONVERSION = YES_AGGRESSIVE;
				CLANG_CXX_LANGUAGE_STANDARD = "gnu++14";
				CLANG_CXX_LIBRARY = "libc++";
				CLANG_ENABLE_MODULES = YES;
				CLANG_ENABLE_OBJC_ARC = YES;
				CLANG_ENABLE_OBJC_WEAK = YES;
				CLANG_WARN_BLOCK_CAPTURE_AUTORELEASING = YES;
				CLANG_WARN_BOOL_CONVERSION = YES;
				CLANG_WARN_COMMA = YES;
				CLANG_WARN_CONSTANT_CONVERSION = YES;
				CLANG_WARN_DEPRECATED_OBJC_IMPLEMENTATIONS = YES;
				CLANG_WARN_DIRECT_OBJC_ISA_USAGE = YES_ERROR;
				CLANG_WARN_DOCUMENTATION_COMMENTS = YES;
				CLANG_WARN_EMPTY_BODY = YES;
				CLANG_WARN_ENUM_CONVERSION = YES;
				CLANG_WARN_INFINITE_RECURSION = YES;
				CLANG_WARN_INT_CONVERSION = YES;
				CLANG_WARN_NON_LITERAL_NULL_CONVERSION = YES;
				CLANG_WARN_OBJC_IMPLICIT_RETAIN_SELF = YES;
				CLANG_WARN_OBJC_LITERAL_CONVERSION = YES;
				CLANG_WARN_OBJC_ROOT_CLASS = YES_ERROR;
				CLANG_WARN_RANGE_LOOP_ANALYSIS = YES;
				CLANG_WARN_STRICT_PROTOTYPES = YES;
				CLANG_WARN_SUSPICIOUS_MOVE = YES;
				CLANG_WARN_UNGUARDED_AVAILABILITY = YES_AGGRESSIVE;
				CLANG_WARN_UNREACHABLE_CODE = YES;
				CLANG_WARN__DUPLICATE_METHOD_MATCH = YES;
				COPY_PHASE_STRIP = NO;
				DEBUG_INFORMATION_FORMAT = dwarf;
				ENABLE_STRICT_OBJC_MSGSEND = YES;
				ENABLE_TESTABILITY = YES;
				GCC_C_LANGUAGE_STANDARD = gnu11;
				GCC_DYNAMIC_NO_PIC = NO;
				GCC_NO_COMMON_BLOCKS = YES;
				GCC_OPTIMIZATION_LEVEL = 0;
				GCC_PREPROCESSOR_DEFINITIONS = (
					"DEBUG=1",
					"$(inherited)",
				);
				GCC_WARN_64_TO_32_BIT_CONVERSION = YES;
				GCC_WARN_ABOUT_RETURN_TYPE = YES_ERROR;
				GCC_WARN_UNDECLARED_SELECTOR = YES;
				GCC_WARN_UNINITIALIZED_AUTOS = YES_AGGRESSIVE;
				GCC_WARN_UNUSED_FUNCTION = YES;
				GCC_WARN_UNUSED_VARIABLE = YES;
				IPHONEOS_DEPLOYMENT_TARGET = 13.2;
				MTL_ENABLE_DEBUG_INFO = INCLUDE_SOURCE;
				MTL_FAST_MATH = YES;
				ONLY_ACTIVE_ARCH = YES;
				SDKROOT = iphoneos;
				SWIFT_ACTIVE_COMPILATION_CONDITIONS = DEBUG;
				SWIFT_OPTIMIZATION_LEVEL = "-Onone";
			};
			name = Debug;
		};
		D266907B242301F300EC2880 /* Release */ = {
			isa = XCBuildConfiguration;
			buildSettings = {
				ALWAYS_SEARCH_USER_PATHS = NO;
				CLANG_ANALYZER_NONNULL = YES;
				CLANG_ANALYZER_NUMBER_OBJECT_CONVERSION = YES_AGGRESSIVE;
				CLANG_CXX_LANGUAGE_STANDARD = "gnu++14";
				CLANG_CXX_LIBRARY = "libc++";
				CLANG_ENABLE_MODULES = YES;
				CLANG_ENABLE_OBJC_ARC = YES;
				CLANG_ENABLE_OBJC_WEAK = YES;
				CLANG_WARN_BLOCK_CAPTURE_AUTORELEASING = YES;
				CLANG_WARN_BOOL_CONVERSION = YES;
				CLANG_WARN_COMMA = YES;
				CLANG_WARN_CONSTANT_CONVERSION = YES;
				CLANG_WARN_DEPRECATED_OBJC_IMPLEMENTATIONS = YES;
				CLANG_WARN_DIRECT_OBJC_ISA_USAGE = YES_ERROR;
				CLANG_WARN_DOCUMENTATION_COMMENTS = YES;
				CLANG_WARN_EMPTY_BODY = YES;
				CLANG_WARN_ENUM_CONVERSION = YES;
				CLANG_WARN_INFINITE_RECURSION = YES;
				CLANG_WARN_INT_CONVERSION = YES;
				CLANG_WARN_NON_LITERAL_NULL_CONVERSION = YES;
				CLANG_WARN_OBJC_IMPLICIT_RETAIN_SELF = YES;
				CLANG_WARN_OBJC_LITERAL_CONVERSION = YES;
				CLANG_WARN_OBJC_ROOT_CLASS = YES_ERROR;
				CLANG_WARN_RANGE_LOOP_ANALYSIS = YES;
				CLANG_WARN_STRICT_PROTOTYPES = YES;
				CLANG_WARN_SUSPICIOUS_MOVE = YES;
				CLANG_WARN_UNGUARDED_AVAILABILITY = YES_AGGRESSIVE;
				CLANG_WARN_UNREACHABLE_CODE = YES;
				CLANG_WARN__DUPLICATE_METHOD_MATCH = YES;
				COPY_PHASE_STRIP = NO;
				DEBUG_INFORMATION_FORMAT = "dwarf-with-dsym";
				ENABLE_NS_ASSERTIONS = NO;
				ENABLE_STRICT_OBJC_MSGSEND = YES;
				GCC_C_LANGUAGE_STANDARD = gnu11;
				GCC_NO_COMMON_BLOCKS = YES;
				GCC_WARN_64_TO_32_BIT_CONVERSION = YES;
				GCC_WARN_ABOUT_RETURN_TYPE = YES_ERROR;
				GCC_WARN_UNDECLARED_SELECTOR = YES;
				GCC_WARN_UNINITIALIZED_AUTOS = YES_AGGRESSIVE;
				GCC_WARN_UNUSED_FUNCTION = YES;
				GCC_WARN_UNUSED_VARIABLE = YES;
				IPHONEOS_DEPLOYMENT_TARGET = 13.2;
				MTL_ENABLE_DEBUG_INFO = NO;
				MTL_FAST_MATH = YES;
				SDKROOT = iphoneos;
				SWIFT_COMPILATION_MODE = wholemodule;
				SWIFT_OPTIMIZATION_LEVEL = "-O";
				VALIDATE_PRODUCT = YES;
			};
			name = Release;
		};
		D266907D242301F300EC2880 /* Debug */ = {
			isa = XCBuildConfiguration;
			baseConfigurationReference = A98CE8E31DCEE9F911B97F57 /* Pods-SentryStudy.debug.xcconfig */;
			buildSettings = {
				ASSETCATALOG_COMPILER_APPICON_NAME = AppIcon;
				CODE_SIGN_STYLE = Automatic;
				DEVELOPMENT_TEAM = UY288B234M;
				INFOPLIST_FILE = SentryStudy/Info.plist;
				LD_RUNPATH_SEARCH_PATHS = (
					"$(inherited)",
					"@executable_path/Frameworks",
				);
				PRODUCT_BUNDLE_IDENTIFIER = "com.min-e.SentryStudy";
				PRODUCT_NAME = "$(TARGET_NAME)";
				SWIFT_VERSION = 5.0;
				TARGETED_DEVICE_FAMILY = "1,2";
			};
			name = Debug;
		};
		D266907E242301F300EC2880 /* Release */ = {
			isa = XCBuildConfiguration;
			baseConfigurationReference = 418023ABF07D1F513671B671 /* Pods-SentryStudy.release.xcconfig */;
			buildSettings = {
				ASSETCATALOG_COMPILER_APPICON_NAME = AppIcon;
				CODE_SIGN_STYLE = Automatic;
				DEVELOPMENT_TEAM = UY288B234M;
				INFOPLIST_FILE = SentryStudy/Info.plist;
				LD_RUNPATH_SEARCH_PATHS = (
					"$(inherited)",
					"@executable_path/Frameworks",
				);
				PRODUCT_BUNDLE_IDENTIFIER = "com.min-e.SentryStudy";
				PRODUCT_NAME = "$(TARGET_NAME)";
				SWIFT_VERSION = 5.0;
				TARGETED_DEVICE_FAMILY = "1,2";
			};
			name = Release;
		};
/* End XCBuildConfiguration section */

/* Begin XCConfigurationList section */
		D2669063242301F100EC2880 /* Build configuration list for PBXProject "SentryStudy" */ = {
			isa = XCConfigurationList;
			buildConfigurations = (
				D266907A242301F300EC2880 /* Debug */,
				D266907B242301F300EC2880 /* Release */,
			);
			defaultConfigurationIsVisible = 0;
			defaultConfigurationName = Release;
		};
		D266907C242301F300EC2880 /* Build configuration list for PBXNativeTarget "SentryStudy" */ = {
			isa = XCConfigurationList;
			buildConfigurations = (
				D266907D242301F300EC2880 /* Debug */,
				D266907E242301F300EC2880 /* Release */,
			);
			defaultConfigurationIsVisible = 0;
			defaultConfigurationName = Release;
		};
/* End XCConfigurationList section */
	};
	rootObject = D2669060242301F100EC2880 /* Project object */;
}
